
Microsoft Visual Studio Solution File, Format Version 12.00
# Visual Studio Version 16
VisualStudioVersion = 16.0.29403.142
MinimumVisualStudioVersion = 10.0.40219.1
Project("{FAE04EC0-301F-11D3-BF4B-00C04F79EFBC}") = "Condition", "Condition\Condition.csproj", "{B6CC0530-2489-419A-B2D7-C15C23C6D91A}"
EndProject
Global
	GlobalSection(SolutionConfigurationPlatforms) = preSolution
		Debug|Any CPU = Debug|Any CPU
		Release|Any CPU = Release|Any CPU
	EndGlobalSection
	GlobalSection(ProjectConfigurationPlatforms) = postSolution
		{B6CC0530-2489-419A-B2D7-C15C23C6D91A}.Debug|Any CPU.ActiveCfg = Debug|Any CPU
		{B6CC0530-2489-419A-B2D7-C15C23C6D91A}.Debug|Any CPU.Build.0 = Debug|Any CPU
		{B6CC0530-2489-419A-B2D7-C15C23C6D91A}.Release|Any CPU.ActiveCfg = Release|Any CPU
		{B6CC0530-2489-419A-B2D7-C15C23C6D91A}.Release|Any CPU.Build.0 = Release|Any CPU
	EndGlobalSection
	GlobalSection(SolutionProperties) = preSolution
		HideSolutionNode = FALSE
	EndGlobalSection
	GlobalSection(ExtensibilityGlobals) = postSolution
		SolutionGuid = {B6D507E1-E6F9-4500-A09B-C43C555BF313}
	EndGlobalSection
EndGlobal
