
Microsoft Visual Studio Solution File, Format Version 12.00
# Visual Studio 15
VisualStudioVersion = 15.0.28010.2048
MinimumVisualStudioVersion = 10.0.40219.1
Project("{FAE04EC0-301F-11D3-BF4B-00C04F79EFBC}") = "NavigateTo", "NavigateTo\NavigateTo.csproj", "{AF63F53C-9460-4E79-8943-E60831AC34B2}"
EndProject
Global
	GlobalSection(SolutionConfigurationPlatforms) = preSolution
		Debug|Any CPU = Debug|Any CPU
		Release|Any CPU = Release|Any CPU
	EndGlobalSection
	GlobalSection(ProjectConfigurationPlatforms) = postSolution
		{AF63F53C-9460-4E79-8943-E60831AC34B2}.Debug|Any CPU.ActiveCfg = Debug|Any CPU
		{AF63F53C-9460-4E79-8943-E60831AC34B2}.Debug|Any CPU.Build.0 = Debug|Any CPU
		{AF63F53C-9460-4E79-8943-E60831AC34B2}.Release|Any CPU.ActiveCfg = Release|Any CPU
		{AF63F53C-9460-4E79-8943-E60831AC34B2}.Release|Any CPU.Build.0 = Release|Any CPU
	EndGlobalSection
	GlobalSection(SolutionProperties) = preSolution
		HideSolutionNode = FALSE
	EndGlobalSection
	GlobalSection(ExtensibilityGlobals) = postSolution
		SolutionGuid = {4EFA8F9E-4A4C-4B90-A2A8-5116CF765A77}
	EndGlobalSection
EndGlobal
