
Microsoft Visual Studio Solution File, Format Version 12.00
# Visual Studio Version 16
VisualStudioVersion = 16.0.30711.63
MinimumVisualStudioVersion = 10.0.40219.1
Project("{FAE04EC0-301F-11D3-BF4B-00C04F79EFBC}") = "LazyLoad", "LazyLoad\LazyLoad.csproj", "{CF0CE2FF-E1E7-45DE-8082-0E7651378712}"
EndProject
Project("{FAE04EC0-301F-11D3-BF4B-00C04F79EFBC}") = "ClassLibrary1", "ClassLibrary1\ClassLibrary1.csproj", "{5135F287-24B1-4845-8FEF-91B93E441FB9}"
EndProject
Global
	GlobalSection(SolutionConfigurationPlatforms) = preSolution
		Debug|Any CPU = Debug|Any CPU
		Release|Any CPU = Release|Any CPU
	EndGlobalSection
	GlobalSection(ProjectConfigurationPlatforms) = postSolution
		{CF0CE2FF-E1E7-45DE-8082-0E7651378712}.Debug|Any CPU.ActiveCfg = Debug|Any CPU
		{CF0CE2FF-E1E7-45DE-8082-0E7651378712}.Debug|Any CPU.Build.0 = Debug|Any CPU
		{CF0CE2FF-E1E7-45DE-8082-0E7651378712}.Release|Any CPU.ActiveCfg = Release|Any CPU
		{CF0CE2FF-E1E7-45DE-8082-0E7651378712}.Release|Any CPU.Build.0 = Release|Any CPU
		{5135F287-24B1-4845-8FEF-91B93E441FB9}.Debug|Any CPU.ActiveCfg = Debug|Any CPU
		{5135F287-24B1-4845-8FEF-91B93E441FB9}.Debug|Any CPU.Build.0 = Debug|Any CPU
		{5135F287-24B1-4845-8FEF-91B93E441FB9}.Release|Any CPU.ActiveCfg = Release|Any CPU
		{5135F287-24B1-4845-8FEF-91B93E441FB9}.Release|Any CPU.Build.0 = Release|Any CPU
	EndGlobalSection
	GlobalSection(SolutionProperties) = preSolution
		HideSolutionNode = FALSE
	EndGlobalSection
	GlobalSection(ExtensibilityGlobals) = postSolution
		SolutionGuid = {88D6966C-36BC-4FB3-BD4D-CEDC31991887}
	EndGlobalSection
EndGlobal
