
Microsoft Visual Studio Solution File, Format Version 12.00
# Visual Studio Version 16
VisualStudioVersion = 16.0.30711.63
MinimumVisualStudioVersion = 10.0.40219.1
Project("{FAE04EC0-301F-11D3-BF4B-00C04F79EFBC}") = "HtmlHeader", "HtmlHeader\HtmlHeader.csproj", "{13259083-93BD-425E-B3FD-D6ED6C5F94DD}"
EndProject
Global
	GlobalSection(SolutionConfigurationPlatforms) = preSolution
		Debug|Any CPU = Debug|Any CPU
		Release|Any CPU = Release|Any CPU
	EndGlobalSection
	GlobalSection(ProjectConfigurationPlatforms) = postSolution
		{13259083-93BD-425E-B3FD-D6ED6C5F94DD}.Debug|Any CPU.ActiveCfg = Debug|Any CPU
		{13259083-93BD-425E-B3FD-D6ED6C5F94DD}.Debug|Any CPU.Build.0 = Debug|Any CPU
		{13259083-93BD-425E-B3FD-D6ED6C5F94DD}.Release|Any CPU.ActiveCfg = Release|Any CPU
		{13259083-93BD-425E-B3FD-D6ED6C5F94DD}.Release|Any CPU.Build.0 = Release|Any CPU
	EndGlobalSection
	GlobalSection(SolutionProperties) = preSolution
		HideSolutionNode = FALSE
	EndGlobalSection
	GlobalSection(ExtensibilityGlobals) = postSolution
		SolutionGuid = {79F389EF-AAE7-40F3-8BF3-0B0626A6211E}
	EndGlobalSection
EndGlobal
