
Microsoft Visual Studio Solution File, Format Version 12.00
# Visual Studio Version 16
VisualStudioVersion = 16.0.28711.60
MinimumVisualStudioVersion = 10.0.40219.1
Project("{FAE04EC0-301F-11D3-BF4B-00C04F79EFBC}") = "HelloWorld1", "HelloWorld1\HelloWorld1.csproj", "{25D3DC1E-1946-4457-89A0-33CB57753AF2}"
EndProject
Global
	GlobalSection(SolutionConfigurationPlatforms) = preSolution
		Debug|Any CPU = Debug|Any CPU
		Release|Any CPU = Release|Any CPU
	EndGlobalSection
	GlobalSection(ProjectConfigurationPlatforms) = postSolution
		{25D3DC1E-1946-4457-89A0-33CB57753AF2}.Debug|Any CPU.ActiveCfg = Debug|Any CPU
		{25D3DC1E-1946-4457-89A0-33CB57753AF2}.Debug|Any CPU.Build.0 = Debug|Any CPU
		{25D3DC1E-1946-4457-89A0-33CB57753AF2}.Release|Any CPU.ActiveCfg = Release|Any CPU
		{25D3DC1E-1946-4457-89A0-33CB57753AF2}.Release|Any CPU.Build.0 = Release|Any CPU
	EndGlobalSection
	GlobalSection(SolutionProperties) = preSolution
		HideSolutionNode = FALSE
	EndGlobalSection
	GlobalSection(ExtensibilityGlobals) = postSolution
		SolutionGuid = {12AF6DC6-201C-495F-B821-19FCB5F09177}
	EndGlobalSection
EndGlobal
