
Microsoft Visual Studio Solution File, Format Version 12.00
# Visual Studio Version 16
VisualStudioVersion = 16.0.28803.202
MinimumVisualStudioVersion = 10.0.40219.1
Project("{FAE04EC0-301F-11D3-BF4B-00C04F79EFBC}") = "FromCode", "FromCode\FromCode.csproj", "{92EBF40C-D0C5-45A9-9B0F-24285EAE9A73}"
EndProject
Global
	GlobalSection(SolutionConfigurationPlatforms) = preSolution
		Debug|Any CPU = Debug|Any CPU
		Release|Any CPU = Release|Any CPU
	EndGlobalSection
	GlobalSection(ProjectConfigurationPlatforms) = postSolution
		{92EBF40C-D0C5-45A9-9B0F-24285EAE9A73}.Debug|Any CPU.ActiveCfg = Debug|Any CPU
		{92EBF40C-D0C5-45A9-9B0F-24285EAE9A73}.Debug|Any CPU.Build.0 = Debug|Any CPU
		{92EBF40C-D0C5-45A9-9B0F-24285EAE9A73}.Release|Any CPU.ActiveCfg = Release|Any CPU
		{92EBF40C-D0C5-45A9-9B0F-24285EAE9A73}.Release|Any CPU.Build.0 = Release|Any CPU
	EndGlobalSection
	GlobalSection(SolutionProperties) = preSolution
		HideSolutionNode = FALSE
	EndGlobalSection
	GlobalSection(ExtensibilityGlobals) = postSolution
		SolutionGuid = {145794FD-D404-4F09-9D7B-12DCFD7BE1AF}
	EndGlobalSection
EndGlobal
