
Microsoft Visual Studio Solution File, Format Version 12.00
# Visual Studio Version 16
VisualStudioVersion = 16.0.30114.128
MinimumVisualStudioVersion = 10.0.40219.1
Project("{FAE04EC0-301F-11D3-BF4B-00C04F79EFBC}") = "MultiNamePage", "MultiNamePage\MultiNamePage.csproj", "{F154A79D-F2AC-47A5-B058-AEA6048A2E09}"
EndProject
Global
	GlobalSection(SolutionConfigurationPlatforms) = preSolution
		Debug|Any CPU = Debug|Any CPU
		Release|Any CPU = Release|Any CPU
	EndGlobalSection
	GlobalSection(ProjectConfigurationPlatforms) = postSolution
		{F154A79D-F2AC-47A5-B058-AEA6048A2E09}.Debug|Any CPU.ActiveCfg = Debug|Any CPU
		{F154A79D-F2AC-47A5-B058-AEA6048A2E09}.Debug|Any CPU.Build.0 = Debug|Any CPU
		{F154A79D-F2AC-47A5-B058-AEA6048A2E09}.Release|Any CPU.ActiveCfg = Release|Any CPU
		{F154A79D-F2AC-47A5-B058-AEA6048A2E09}.Release|Any CPU.Build.0 = Release|Any CPU
	EndGlobalSection
	GlobalSection(SolutionProperties) = preSolution
		HideSolutionNode = FALSE
	EndGlobalSection
	GlobalSection(ExtensibilityGlobals) = postSolution
		SolutionGuid = {3773715D-4B60-486E-BA3B-2CC8FC4D2EF7}
	EndGlobalSection
EndGlobal
