
Microsoft Visual Studio Solution File, Format Version 12.00
# Visual Studio Version 16
VisualStudioVersion = 16.0.29403.142
MinimumVisualStudioVersion = 10.0.40219.1
Project("{FAE04EC0-301F-11D3-BF4B-00C04F79EFBC}") = "MultiNamePage", "MultiNamePage\MultiNamePage.csproj", "{8A7E4D59-7548-4AC8-8EC5-0E1DF802858A}"
EndProject
Global
	GlobalSection(SolutionConfigurationPlatforms) = preSolution
		Debug|Any CPU = Debug|Any CPU
		Release|Any CPU = Release|Any CPU
	EndGlobalSection
	GlobalSection(ProjectConfigurationPlatforms) = postSolution
		{8A7E4D59-7548-4AC8-8EC5-0E1DF802858A}.Debug|Any CPU.ActiveCfg = Debug|Any CPU
		{8A7E4D59-7548-4AC8-8EC5-0E1DF802858A}.Debug|Any CPU.Build.0 = Debug|Any CPU
		{8A7E4D59-7548-4AC8-8EC5-0E1DF802858A}.Release|Any CPU.ActiveCfg = Release|Any CPU
		{8A7E4D59-7548-4AC8-8EC5-0E1DF802858A}.Release|Any CPU.Build.0 = Release|Any CPU
	EndGlobalSection
	GlobalSection(SolutionProperties) = preSolution
		HideSolutionNode = FALSE
	EndGlobalSection
	GlobalSection(ExtensibilityGlobals) = postSolution
		SolutionGuid = {36690697-78E2-4D8A-ACBA-9D26B4F72654}
	EndGlobalSection
EndGlobal
