
Microsoft Visual Studio Solution File, Format Version 12.00
# Visual Studio 15
VisualStudioVersion = 15.0.28010.2036
MinimumVisualStudioVersion = 10.0.40219.1
Project("{FAE04EC0-301F-11D3-BF4B-00C04F79EFBC}") = "PageToPage", "PageToPage\PageToPage.csproj", "{54C22206-234E-4C87-8BB3-79B5DB5F98AB}"
EndProject
Global
	GlobalSection(SolutionConfigurationPlatforms) = preSolution
		Debug|Any CPU = Debug|Any CPU
		Release|Any CPU = Release|Any CPU
	EndGlobalSection
	GlobalSection(ProjectConfigurationPlatforms) = postSolution
		{54C22206-234E-4C87-8BB3-79B5DB5F98AB}.Debug|Any CPU.ActiveCfg = Debug|Any CPU
		{54C22206-234E-4C87-8BB3-79B5DB5F98AB}.Debug|Any CPU.Build.0 = Debug|Any CPU
		{54C22206-234E-4C87-8BB3-79B5DB5F98AB}.Release|Any CPU.ActiveCfg = Release|Any CPU
		{54C22206-234E-4C87-8BB3-79B5DB5F98AB}.Release|Any CPU.Build.0 = Release|Any CPU
	EndGlobalSection
	GlobalSection(SolutionProperties) = preSolution
		HideSolutionNode = FALSE
	EndGlobalSection
	GlobalSection(ExtensibilityGlobals) = postSolution
		SolutionGuid = {4EAE770F-33E1-4B86-9D3D-84BBAEF26E66}
	EndGlobalSection
EndGlobal
