
Microsoft Visual Studio Solution File, Format Version 12.00
# Visual Studio Version 16
VisualStudioVersion = 16.0.28711.60
MinimumVisualStudioVersion = 10.0.40219.1
Project("{FAE04EC0-301F-11D3-BF4B-00C04F79EFBC}") = "Condition", "Condition\Condition.csproj", "{09E4574C-BB5C-4541-91B4-C3D9D7DACA68}"
EndProject
Global
	GlobalSection(SolutionConfigurationPlatforms) = preSolution
		Debug|Any CPU = Debug|Any CPU
		Release|Any CPU = Release|Any CPU
	EndGlobalSection
	GlobalSection(ProjectConfigurationPlatforms) = postSolution
		{09E4574C-BB5C-4541-91B4-C3D9D7DACA68}.Debug|Any CPU.ActiveCfg = Debug|Any CPU
		{09E4574C-BB5C-4541-91B4-C3D9D7DACA68}.Debug|Any CPU.Build.0 = Debug|Any CPU
		{09E4574C-BB5C-4541-91B4-C3D9D7DACA68}.Release|Any CPU.ActiveCfg = Release|Any CPU
		{09E4574C-BB5C-4541-91B4-C3D9D7DACA68}.Release|Any CPU.Build.0 = Release|Any CPU
	EndGlobalSection
	GlobalSection(SolutionProperties) = preSolution
		HideSolutionNode = FALSE
	EndGlobalSection
	GlobalSection(ExtensibilityGlobals) = postSolution
		SolutionGuid = {B3A50A4A-2964-4E2A-B4C2-A4304DBADEE2}
	EndGlobalSection
EndGlobal
