
Microsoft Visual Studio Solution File, Format Version 12.00
# Visual Studio Version 16
VisualStudioVersion = 16.0.30420.98
MinimumVisualStudioVersion = 10.0.40219.1
Project("{9A19103F-16F7-4668-BE54-9A1E7A4F7556}") = "IsolateCSS", "IsolateCSS\IsolateCSS.csproj", "{60E4B374-0449-4FC0-9D3F-B86BE8DC5F02}"
EndProject
Global
	GlobalSection(SolutionConfigurationPlatforms) = preSolution
		Debug|Any CPU = Debug|Any CPU
		Release|Any CPU = Release|Any CPU
	EndGlobalSection
	GlobalSection(ProjectConfigurationPlatforms) = postSolution
		{60E4B374-0449-4FC0-9D3F-B86BE8DC5F02}.Debug|Any CPU.ActiveCfg = Debug|Any CPU
		{60E4B374-0449-4FC0-9D3F-B86BE8DC5F02}.Debug|Any CPU.Build.0 = Debug|Any CPU
		{60E4B374-0449-4FC0-9D3F-B86BE8DC5F02}.Release|Any CPU.ActiveCfg = Release|Any CPU
		{60E4B374-0449-4FC0-9D3F-B86BE8DC5F02}.Release|Any CPU.Build.0 = Release|Any CPU
	EndGlobalSection
	GlobalSection(SolutionProperties) = preSolution
		HideSolutionNode = FALSE
	EndGlobalSection
	GlobalSection(ExtensibilityGlobals) = postSolution
		SolutionGuid = {C7E9A8B4-EE70-465A-9D37-E704D06C6622}
	EndGlobalSection
EndGlobal
