
Microsoft Visual Studio Solution File, Format Version 12.00
# Visual Studio Version 16
VisualStudioVersion = 16.0.28711.60
MinimumVisualStudioVersion = 10.0.40219.1
Project("{FAE04EC0-301F-11D3-BF4B-00C04F79EFBC}") = "CallJS", "CallJS\CallJS.csproj", "{848D86C0-FDBF-4492-B7D6-0B2E5E2825D1}"
EndProject
Global
	GlobalSection(SolutionConfigurationPlatforms) = preSolution
		Debug|Any CPU = Debug|Any CPU
		Release|Any CPU = Release|Any CPU
	EndGlobalSection
	GlobalSection(ProjectConfigurationPlatforms) = postSolution
		{848D86C0-FDBF-4492-B7D6-0B2E5E2825D1}.Debug|Any CPU.ActiveCfg = Debug|Any CPU
		{848D86C0-FDBF-4492-B7D6-0B2E5E2825D1}.Debug|Any CPU.Build.0 = Debug|Any CPU
		{848D86C0-FDBF-4492-B7D6-0B2E5E2825D1}.Release|Any CPU.ActiveCfg = Release|Any CPU
		{848D86C0-FDBF-4492-B7D6-0B2E5E2825D1}.Release|Any CPU.Build.0 = Release|Any CPU
	EndGlobalSection
	GlobalSection(SolutionProperties) = preSolution
		HideSolutionNode = FALSE
	EndGlobalSection
	GlobalSection(ExtensibilityGlobals) = postSolution
		SolutionGuid = {C4355D94-54BC-4187-AB4C-64BE11C334C3}
	EndGlobalSection
EndGlobal
