
Microsoft Visual Studio Solution File, Format Version 12.00
# Visual Studio Version 16
VisualStudioVersion = 16.0.30114.128
MinimumVisualStudioVersion = 10.0.40219.1
Project("{FAE04EC0-301F-11D3-BF4B-00C04F79EFBC}") = "Binding", "Binding\Binding.csproj", "{9EC1000E-BB70-418E-BF09-667876621900}"
EndProject
Global
	GlobalSection(SolutionConfigurationPlatforms) = preSolution
		Debug|Any CPU = Debug|Any CPU
		Release|Any CPU = Release|Any CPU
	EndGlobalSection
	GlobalSection(ProjectConfigurationPlatforms) = postSolution
		{9EC1000E-BB70-418E-BF09-667876621900}.Debug|Any CPU.ActiveCfg = Debug|Any CPU
		{9EC1000E-BB70-418E-BF09-667876621900}.Debug|Any CPU.Build.0 = Debug|Any CPU
		{9EC1000E-BB70-418E-BF09-667876621900}.Release|Any CPU.ActiveCfg = Release|Any CPU
		{9EC1000E-BB70-418E-BF09-667876621900}.Release|Any CPU.Build.0 = Release|Any CPU
	EndGlobalSection
	GlobalSection(SolutionProperties) = preSolution
		HideSolutionNode = FALSE
	EndGlobalSection
	GlobalSection(ExtensibilityGlobals) = postSolution
		SolutionGuid = {6F7D9BD1-936A-44B0-A700-222653C784D6}
	EndGlobalSection
EndGlobal
