
Microsoft Visual Studio Solution File, Format Version 12.00
# Visual Studio Version 16
VisualStudioVersion = 16.0.28809.33
MinimumVisualStudioVersion = 10.0.40219.1
Project("{FAE04EC0-301F-11D3-BF4B-00C04F79EFBC}") = "MultiNamePage", "MultiNamePage\MultiNamePage.csproj", "{B2DF1CEF-E886-4F31-906B-562119F3B619}"
EndProject
Global
	GlobalSection(SolutionConfigurationPlatforms) = preSolution
		Debug|Any CPU = Debug|Any CPU
		Release|Any CPU = Release|Any CPU
	EndGlobalSection
	GlobalSection(ProjectConfigurationPlatforms) = postSolution
		{B2DF1CEF-E886-4F31-906B-562119F3B619}.Debug|Any CPU.ActiveCfg = Debug|Any CPU
		{B2DF1CEF-E886-4F31-906B-562119F3B619}.Debug|Any CPU.Build.0 = Debug|Any CPU
		{B2DF1CEF-E886-4F31-906B-562119F3B619}.Release|Any CPU.ActiveCfg = Release|Any CPU
		{B2DF1CEF-E886-4F31-906B-562119F3B619}.Release|Any CPU.Build.0 = Release|Any CPU
	EndGlobalSection
	GlobalSection(SolutionProperties) = preSolution
		HideSolutionNode = FALSE
	EndGlobalSection
	GlobalSection(ExtensibilityGlobals) = postSolution
		SolutionGuid = {855BBD35-96B0-4853-A4C2-2A9646024135}
	EndGlobalSection
EndGlobal
