
Microsoft Visual Studio Solution File, Format Version 12.00
# Visual Studio Version 16
VisualStudioVersion = 16.0.28711.60
MinimumVisualStudioVersion = 10.0.40219.1
Project("{FAE04EC0-301F-11D3-BF4B-00C04F79EFBC}") = "DateTime0", "DateTime0\DateTime0.csproj", "{7B1247D0-06C4-437D-8C46-FFD0D386E971}"
EndProject
Global
	GlobalSection(SolutionConfigurationPlatforms) = preSolution
		Debug|Any CPU = Debug|Any CPU
		Release|Any CPU = Release|Any CPU
	EndGlobalSection
	GlobalSection(ProjectConfigurationPlatforms) = postSolution
		{7B1247D0-06C4-437D-8C46-FFD0D386E971}.Debug|Any CPU.ActiveCfg = Debug|Any CPU
		{7B1247D0-06C4-437D-8C46-FFD0D386E971}.Debug|Any CPU.Build.0 = Debug|Any CPU
		{7B1247D0-06C4-437D-8C46-FFD0D386E971}.Release|Any CPU.ActiveCfg = Release|Any CPU
		{7B1247D0-06C4-437D-8C46-FFD0D386E971}.Release|Any CPU.Build.0 = Release|Any CPU
	EndGlobalSection
	GlobalSection(SolutionProperties) = preSolution
		HideSolutionNode = FALSE
	EndGlobalSection
	GlobalSection(ExtensibilityGlobals) = postSolution
		SolutionGuid = {EC371B00-27CC-47D2-B8E7-D0CE497DEC1D}
	EndGlobalSection
EndGlobal
