
Microsoft Visual Studio Solution File, Format Version 12.00
# Visual Studio Version 16
VisualStudioVersion = 16.0.29403.142
MinimumVisualStudioVersion = 10.0.40219.1
Project("{FAE04EC0-301F-11D3-BF4B-00C04F79EFBC}") = "Componet", "Componet\Componet.csproj", "{451AD5D4-EA7B-42C3-A703-116834A70EC2}"
EndProject
Global
	GlobalSection(SolutionConfigurationPlatforms) = preSolution
		Debug|Any CPU = Debug|Any CPU
		Release|Any CPU = Release|Any CPU
	EndGlobalSection
	GlobalSection(ProjectConfigurationPlatforms) = postSolution
		{451AD5D4-EA7B-42C3-A703-116834A70EC2}.Debug|Any CPU.ActiveCfg = Debug|Any CPU
		{451AD5D4-EA7B-42C3-A703-116834A70EC2}.Debug|Any CPU.Build.0 = Debug|Any CPU
		{451AD5D4-EA7B-42C3-A703-116834A70EC2}.Release|Any CPU.ActiveCfg = Release|Any CPU
		{451AD5D4-EA7B-42C3-A703-116834A70EC2}.Release|Any CPU.Build.0 = Release|Any CPU
	EndGlobalSection
	GlobalSection(SolutionProperties) = preSolution
		HideSolutionNode = FALSE
	EndGlobalSection
	GlobalSection(ExtensibilityGlobals) = postSolution
		SolutionGuid = {58CB7E00-17B6-4F97-A2E0-3403E30E0A4D}
	EndGlobalSection
EndGlobal
