
Microsoft Visual Studio Solution File, Format Version 12.00
# Visual Studio 15
VisualStudioVersion = 15.0.28010.2036
MinimumVisualStudioVersion = 10.0.40219.1
Project("{FAE04EC0-301F-11D3-BF4B-00C04F79EFBC}") = "DateTime", "DateTime\DateTime.csproj", "{1F48E4ED-1631-49A0-A364-BF466D30C5E9}"
EndProject
Global
	GlobalSection(SolutionConfigurationPlatforms) = preSolution
		Debug|Any CPU = Debug|Any CPU
		Release|Any CPU = Release|Any CPU
	EndGlobalSection
	GlobalSection(ProjectConfigurationPlatforms) = postSolution
		{1F48E4ED-1631-49A0-A364-BF466D30C5E9}.Debug|Any CPU.ActiveCfg = Debug|Any CPU
		{1F48E4ED-1631-49A0-A364-BF466D30C5E9}.Debug|Any CPU.Build.0 = Debug|Any CPU
		{1F48E4ED-1631-49A0-A364-BF466D30C5E9}.Release|Any CPU.ActiveCfg = Release|Any CPU
		{1F48E4ED-1631-49A0-A364-BF466D30C5E9}.Release|Any CPU.Build.0 = Release|Any CPU
	EndGlobalSection
	GlobalSection(SolutionProperties) = preSolution
		HideSolutionNode = FALSE
	EndGlobalSection
	GlobalSection(ExtensibilityGlobals) = postSolution
		SolutionGuid = {220F650C-FE2B-4B8A-A494-10F6014B16F4}
	EndGlobalSection
EndGlobal
