
Microsoft Visual Studio Solution File, Format Version 12.00
# Visual Studio Version 16
VisualStudioVersion = 16.0.30114.128
MinimumVisualStudioVersion = 10.0.40219.1
Project("{FAE04EC0-301F-11D3-BF4B-00C04F79EFBC}") = "CallCS", "CallCS\CallCS.csproj", "{36FDA3A2-A83A-41B4-A14E-92615F0184CF}"
EndProject
Global
	GlobalSection(SolutionConfigurationPlatforms) = preSolution
		Debug|Any CPU = Debug|Any CPU
		Release|Any CPU = Release|Any CPU
	EndGlobalSection
	GlobalSection(ProjectConfigurationPlatforms) = postSolution
		{36FDA3A2-A83A-41B4-A14E-92615F0184CF}.Debug|Any CPU.ActiveCfg = Debug|Any CPU
		{36FDA3A2-A83A-41B4-A14E-92615F0184CF}.Debug|Any CPU.Build.0 = Debug|Any CPU
		{36FDA3A2-A83A-41B4-A14E-92615F0184CF}.Release|Any CPU.ActiveCfg = Release|Any CPU
		{36FDA3A2-A83A-41B4-A14E-92615F0184CF}.Release|Any CPU.Build.0 = Release|Any CPU
	EndGlobalSection
	GlobalSection(SolutionProperties) = preSolution
		HideSolutionNode = FALSE
	EndGlobalSection
	GlobalSection(ExtensibilityGlobals) = postSolution
		SolutionGuid = {E0E61E3E-0364-4A5E-858B-FA3C2DA5B3E7}
	EndGlobalSection
EndGlobal
