
Microsoft Visual Studio Solution File, Format Version 12.00
# Visual Studio Version 16
VisualStudioVersion = 16.0.30711.63
MinimumVisualStudioVersion = 10.0.40219.1
Project("{FAE04EC0-301F-11D3-BF4B-00C04F79EFBC}") = "DateTime0", "DateTime0\DateTime0.csproj", "{92EB17B7-3283-46F0-9B17-988D7B1F242B}"
EndProject
Global
	GlobalSection(SolutionConfigurationPlatforms) = preSolution
		Debug|Any CPU = Debug|Any CPU
		Release|Any CPU = Release|Any CPU
	EndGlobalSection
	GlobalSection(ProjectConfigurationPlatforms) = postSolution
		{92EB17B7-3283-46F0-9B17-988D7B1F242B}.Debug|Any CPU.ActiveCfg = Debug|Any CPU
		{92EB17B7-3283-46F0-9B17-988D7B1F242B}.Debug|Any CPU.Build.0 = Debug|Any CPU
		{92EB17B7-3283-46F0-9B17-988D7B1F242B}.Release|Any CPU.ActiveCfg = Release|Any CPU
		{92EB17B7-3283-46F0-9B17-988D7B1F242B}.Release|Any CPU.Build.0 = Release|Any CPU
	EndGlobalSection
	GlobalSection(SolutionProperties) = preSolution
		HideSolutionNode = FALSE
	EndGlobalSection
	GlobalSection(ExtensibilityGlobals) = postSolution
		SolutionGuid = {7ABB5D15-7CAE-46D1-BD99-CAFE8A1B77E9}
	EndGlobalSection
EndGlobal
