
Microsoft Visual Studio Solution File, Format Version 12.00
# Visual Studio Version 16
VisualStudioVersion = 16.0.30711.63
MinimumVisualStudioVersion = 10.0.40219.1
Project("{FAE04EC0-301F-11D3-BF4B-00C04F79EFBC}") = "IsolateCSS", "IsolateCSS\IsolateCSS.csproj", "{719C6448-3475-4DB6-9195-7B17677C683E}"
EndProject
Global
	GlobalSection(SolutionConfigurationPlatforms) = preSolution
		Debug|Any CPU = Debug|Any CPU
		Release|Any CPU = Release|Any CPU
	EndGlobalSection
	GlobalSection(ProjectConfigurationPlatforms) = postSolution
		{719C6448-3475-4DB6-9195-7B17677C683E}.Debug|Any CPU.ActiveCfg = Debug|Any CPU
		{719C6448-3475-4DB6-9195-7B17677C683E}.Debug|Any CPU.Build.0 = Debug|Any CPU
		{719C6448-3475-4DB6-9195-7B17677C683E}.Release|Any CPU.ActiveCfg = Release|Any CPU
		{719C6448-3475-4DB6-9195-7B17677C683E}.Release|Any CPU.Build.0 = Release|Any CPU
	EndGlobalSection
	GlobalSection(SolutionProperties) = preSolution
		HideSolutionNode = FALSE
	EndGlobalSection
	GlobalSection(ExtensibilityGlobals) = postSolution
		SolutionGuid = {89F5F61A-2AAD-4D5D-9BDE-B53EA9B93A97}
	EndGlobalSection
EndGlobal
