
Microsoft Visual Studio Solution File, Format Version 12.00
# Visual Studio Version 16
VisualStudioVersion = 16.0.28711.60
MinimumVisualStudioVersion = 10.0.40219.1
Project("{FAE04EC0-301F-11D3-BF4B-00C04F79EFBC}") = "HelloWorld2", "HelloWorld2\HelloWorld2.csproj", "{DCB46ACC-1542-4FA3-A7FB-999E56FC6315}"
EndProject
Global
	GlobalSection(SolutionConfigurationPlatforms) = preSolution
		Debug|Any CPU = Debug|Any CPU
		Release|Any CPU = Release|Any CPU
	EndGlobalSection
	GlobalSection(ProjectConfigurationPlatforms) = postSolution
		{DCB46ACC-1542-4FA3-A7FB-999E56FC6315}.Debug|Any CPU.ActiveCfg = Debug|Any CPU
		{DCB46ACC-1542-4FA3-A7FB-999E56FC6315}.Debug|Any CPU.Build.0 = Debug|Any CPU
		{DCB46ACC-1542-4FA3-A7FB-999E56FC6315}.Release|Any CPU.ActiveCfg = Release|Any CPU
		{DCB46ACC-1542-4FA3-A7FB-999E56FC6315}.Release|Any CPU.Build.0 = Release|Any CPU
	EndGlobalSection
	GlobalSection(SolutionProperties) = preSolution
		HideSolutionNode = FALSE
	EndGlobalSection
	GlobalSection(ExtensibilityGlobals) = postSolution
		SolutionGuid = {9B0E1BDD-C69C-4968-9EEB-54A207620A05}
	EndGlobalSection
EndGlobal
