
Microsoft Visual Studio Solution File, Format Version 12.00
# Visual Studio Version 16
VisualStudioVersion = 16.0.28809.33
MinimumVisualStudioVersion = 10.0.40219.1
Project("{FAE04EC0-301F-11D3-BF4B-00C04F79EFBC}") = "NavigateTo", "NavigateTo\NavigateTo.csproj", "{E3AF3040-73E0-41CA-BF66-5DC06D3203C0}"
EndProject
Global
	GlobalSection(SolutionConfigurationPlatforms) = preSolution
		Debug|Any CPU = Debug|Any CPU
		Release|Any CPU = Release|Any CPU
	EndGlobalSection
	GlobalSection(ProjectConfigurationPlatforms) = postSolution
		{E3AF3040-73E0-41CA-BF66-5DC06D3203C0}.Debug|Any CPU.ActiveCfg = Debug|Any CPU
		{E3AF3040-73E0-41CA-BF66-5DC06D3203C0}.Debug|Any CPU.Build.0 = Debug|Any CPU
		{E3AF3040-73E0-41CA-BF66-5DC06D3203C0}.Release|Any CPU.ActiveCfg = Release|Any CPU
		{E3AF3040-73E0-41CA-BF66-5DC06D3203C0}.Release|Any CPU.Build.0 = Release|Any CPU
	EndGlobalSection
	GlobalSection(SolutionProperties) = preSolution
		HideSolutionNode = FALSE
	EndGlobalSection
	GlobalSection(ExtensibilityGlobals) = postSolution
		SolutionGuid = {E00952CB-405E-45C4-90D1-A60DE070A0D9}
	EndGlobalSection
EndGlobal
