
Microsoft Visual Studio Solution File, Format Version 12.00
# Visual Studio Version 16
VisualStudioVersion = 16.0.29403.142
MinimumVisualStudioVersion = 10.0.40219.1
Project("{FAE04EC0-301F-11D3-BF4B-00C04F79EFBC}") = "HellloWorld3", "HellloWorld3\HellloWorld3.csproj", "{770D65A1-4B45-46FD-A27E-6D7757A67BDD}"
EndProject
Global
	GlobalSection(SolutionConfigurationPlatforms) = preSolution
		Debug|Any CPU = Debug|Any CPU
		Release|Any CPU = Release|Any CPU
	EndGlobalSection
	GlobalSection(ProjectConfigurationPlatforms) = postSolution
		{770D65A1-4B45-46FD-A27E-6D7757A67BDD}.Debug|Any CPU.ActiveCfg = Debug|Any CPU
		{770D65A1-4B45-46FD-A27E-6D7757A67BDD}.Debug|Any CPU.Build.0 = Debug|Any CPU
		{770D65A1-4B45-46FD-A27E-6D7757A67BDD}.Release|Any CPU.ActiveCfg = Release|Any CPU
		{770D65A1-4B45-46FD-A27E-6D7757A67BDD}.Release|Any CPU.Build.0 = Release|Any CPU
	EndGlobalSection
	GlobalSection(SolutionProperties) = preSolution
		HideSolutionNode = FALSE
	EndGlobalSection
	GlobalSection(ExtensibilityGlobals) = postSolution
		SolutionGuid = {9DBF57FA-6030-48C4-B6C3-C0FB55C7BA6F}
	EndGlobalSection
EndGlobal
