
Microsoft Visual Studio Solution File, Format Version 12.00
# Visual Studio Version 16
VisualStudioVersion = 16.0.30114.128
MinimumVisualStudioVersion = 10.0.40219.1
Project("{FAE04EC0-301F-11D3-BF4B-00C04F79EFBC}") = "FromCode", "FromCode\FromCode.csproj", "{E93EE615-C4A5-4B56-A252-70234F3219BA}"
EndProject
Global
	GlobalSection(SolutionConfigurationPlatforms) = preSolution
		Debug|Any CPU = Debug|Any CPU
		Release|Any CPU = Release|Any CPU
	EndGlobalSection
	GlobalSection(ProjectConfigurationPlatforms) = postSolution
		{E93EE615-C4A5-4B56-A252-70234F3219BA}.Debug|Any CPU.ActiveCfg = Debug|Any CPU
		{E93EE615-C4A5-4B56-A252-70234F3219BA}.Debug|Any CPU.Build.0 = Debug|Any CPU
		{E93EE615-C4A5-4B56-A252-70234F3219BA}.Release|Any CPU.ActiveCfg = Release|Any CPU
		{E93EE615-C4A5-4B56-A252-70234F3219BA}.Release|Any CPU.Build.0 = Release|Any CPU
	EndGlobalSection
	GlobalSection(SolutionProperties) = preSolution
		HideSolutionNode = FALSE
	EndGlobalSection
	GlobalSection(ExtensibilityGlobals) = postSolution
		SolutionGuid = {9AE938A7-8763-4510-9578-6C5043E52C1D}
	EndGlobalSection
EndGlobal
