
Microsoft Visual Studio Solution File, Format Version 12.00
# Visual Studio Version 17
VisualStudioVersion = 17.0.31521.260
MinimumVisualStudioVersion = 10.0.40219.1
Project("{FAE04EC0-301F-11D3-BF4B-00C04F79EFBC}") = "ErrorBoundary", "ErrorBoundary\ErrorBoundary.csproj", "{5E24D785-0E2F-443E-B8B4-D9EA41E4267F}"
EndProject
Global
	GlobalSection(SolutionConfigurationPlatforms) = preSolution
		Debug|Any CPU = Debug|Any CPU
		Release|Any CPU = Release|Any CPU
	EndGlobalSection
	GlobalSection(ProjectConfigurationPlatforms) = postSolution
		{5E24D785-0E2F-443E-B8B4-D9EA41E4267F}.Debug|Any CPU.ActiveCfg = Debug|Any CPU
		{5E24D785-0E2F-443E-B8B4-D9EA41E4267F}.Debug|Any CPU.Build.0 = Debug|Any CPU
		{5E24D785-0E2F-443E-B8B4-D9EA41E4267F}.Release|Any CPU.ActiveCfg = Release|Any CPU
		{5E24D785-0E2F-443E-B8B4-D9EA41E4267F}.Release|Any CPU.Build.0 = Release|Any CPU
	EndGlobalSection
	GlobalSection(SolutionProperties) = preSolution
		HideSolutionNode = FALSE
	EndGlobalSection
	GlobalSection(ExtensibilityGlobals) = postSolution
		SolutionGuid = {A202288F-FC06-4067-8184-1569D1F94AC3}
	EndGlobalSection
EndGlobal
