
Microsoft Visual Studio Solution File, Format Version 12.00
# Visual Studio Version 16
VisualStudioVersion = 16.0.29209.152
MinimumVisualStudioVersion = 10.0.40219.1
Project("{FAE04EC0-301F-11D3-BF4B-00C04F79EFBC}") = "CascadingParameterName", "CascadingParameterName\CascadingParameterName.csproj", "{FA52E966-799F-4CD5-91B8-ADC32CEAABB2}"
EndProject
Global
	GlobalSection(SolutionConfigurationPlatforms) = preSolution
		Debug|Any CPU = Debug|Any CPU
		Release|Any CPU = Release|Any CPU
	EndGlobalSection
	GlobalSection(ProjectConfigurationPlatforms) = postSolution
		{FA52E966-799F-4CD5-91B8-ADC32CEAABB2}.Debug|Any CPU.ActiveCfg = Debug|Any CPU
		{FA52E966-799F-4CD5-91B8-ADC32CEAABB2}.Debug|Any CPU.Build.0 = Debug|Any CPU
		{FA52E966-799F-4CD5-91B8-ADC32CEAABB2}.Release|Any CPU.ActiveCfg = Release|Any CPU
		{FA52E966-799F-4CD5-91B8-ADC32CEAABB2}.Release|Any CPU.Build.0 = Release|Any CPU
	EndGlobalSection
	GlobalSection(SolutionProperties) = preSolution
		HideSolutionNode = FALSE
	EndGlobalSection
	GlobalSection(ExtensibilityGlobals) = postSolution
		SolutionGuid = {FE23F9F3-5810-4460-BE5E-71B9F16B2805}
	EndGlobalSection
EndGlobal
