
Microsoft Visual Studio Solution File, Format Version 12.00
# Visual Studio Version 16
VisualStudioVersion = 16.0.30114.128
MinimumVisualStudioVersion = 10.0.40219.1
Project("{FAE04EC0-301F-11D3-BF4B-00C04F79EFBC}") = "HelloWorld3", "HelloWorld3\HelloWorld3.csproj", "{28EC9E59-0297-4906-9B61-8C61E120BC7E}"
EndProject
Global
	GlobalSection(SolutionConfigurationPlatforms) = preSolution
		Debug|Any CPU = Debug|Any CPU
		Release|Any CPU = Release|Any CPU
	EndGlobalSection
	GlobalSection(ProjectConfigurationPlatforms) = postSolution
		{28EC9E59-0297-4906-9B61-8C61E120BC7E}.Debug|Any CPU.ActiveCfg = Debug|Any CPU
		{28EC9E59-0297-4906-9B61-8C61E120BC7E}.Debug|Any CPU.Build.0 = Debug|Any CPU
		{28EC9E59-0297-4906-9B61-8C61E120BC7E}.Release|Any CPU.ActiveCfg = Release|Any CPU
		{28EC9E59-0297-4906-9B61-8C61E120BC7E}.Release|Any CPU.Build.0 = Release|Any CPU
	EndGlobalSection
	GlobalSection(SolutionProperties) = preSolution
		HideSolutionNode = FALSE
	EndGlobalSection
	GlobalSection(ExtensibilityGlobals) = postSolution
		SolutionGuid = {E95B4256-3EAB-4089-B7F7-67D29CBF091A}
	EndGlobalSection
EndGlobal
